
Microsoft Visual Studio Solution File, Format Version 12.00
# Visual Studio Version 16
VisualStudioVersion = 16.0.29009.5
MinimumVisualStudioVersion = 10.0.40219.1
Project("{9A19103F-16F7-4668-BE54-9A1E7A4F7556}") = "HttpHeaders_Utility", "HttpHeaders_Utility.csproj", "{2EA863EB-246C-426D-89E4-E213054CC52B}"
EndProject
Global
	GlobalSection(SolutionConfigurationPlatforms) = preSolution
		Debug|Any CPU = Debug|Any CPU
		Release|Any CPU = Release|Any CPU
	EndGlobalSection
	GlobalSection(ProjectConfigurationPlatforms) = postSolution
		{2EA863EB-246C-426D-89E4-E213054CC52B}.Debug|Any CPU.ActiveCfg = Debug|Any CPU
		{2EA863EB-246C-426D-89E4-E213054CC52B}.Debug|Any CPU.Build.0 = Debug|Any CPU
		{2EA863EB-246C-426D-89E4-E213054CC52B}.Release|Any CPU.ActiveCfg = Release|Any CPU
		{2EA863EB-246C-426D-89E4-E213054CC52B}.Release|Any CPU.Build.0 = Release|Any CPU
	EndGlobalSection
	GlobalSection(SolutionProperties) = preSolution
		HideSolutionNode = FALSE
	EndGlobalSection
	GlobalSection(ExtensibilityGlobals) = postSolution
		SolutionGuid = {936A7E4B-BFEC-4A75-9002-C30F6D671951}
	EndGlobalSection
EndGlobal
